{
  "name": "node_project",
  "version": "1.0.0",
  "lockfileVersion": 3,
  "requires": true,
  "packages": {
    "": {
      "name": "node_project",
      "version": "1.0.0",
      "license": "ISC",
      "dependencies": {
        "random-string-generator": "^1.0.1"
      }
    },
    "node_modules/random-string-generator": {
      "version": "1.0.1",
      "resolved": "https://registry.npmjs.org/random-string-generator/-/random-string-generator-1.0.1.tgz",
      "integrity": "sha512-kKV9pT9rB8dQnTgo0/7jpdVt2ZX0Ap3td/9pmRULPkSZzP/YT2cvRFLQCl/4OwoAHfHFgHjIzZlgWnKoMkCRfA=="
    }
  }
}
